
Microsoft Visual Studio Solution File, Format Version 12.00
# Visual Studio Version 16
VisualStudioVersion = 16.0.30114.105
MinimumVisualStudioVersion = 10.0.40219.1
Project("{FAE04EC0-301F-11D3-BF4B-00C04F79EFBC}") = "R5T.Bath.Default", "R5T.Bath.Default\R5T.Bath.Default.csproj", "{C2A7CB77-7D3C-48A4-AD43-F7DE6777E37D}"
EndProject
Project("{FAE04EC0-301F-11D3-BF4B-00C04F79EFBC}") = "R5T.Bath.Default.Construction", "R5T.Bath.Default.Construction\R5T.Bath.Default.Construction.csproj", "{7F61ED32-ED1E-4299-8C22-FD0632088851}"
EndProject
Project("{FAE04EC0-301F-11D3-BF4B-00C04F79EFBC}") = "R5T.Bath.Default.Testing", "R5T.Bath.Default.Testing\R5T.Bath.Default.Testing.csproj", "{473274F0-589C-4496-80FE-8653A16F728D}"
EndProject
Project("{2150E333-8FDC-42A3-9474-1A3956D46DE8}") = "_Dependencies", "_Dependencies", "{098D7056-D168-441A-9AAA-4ECCEE7FC020}"
EndProject
Project("{FAE04EC0-301F-11D3-BF4B-00C04F79EFBC}") = "R5T.T0064", "..\..\R5T.T0064\source\R5T.T0064\R5T.T0064.csproj", "{697A68EB-05FE-4DA9-9374-719A893C4FC8}"
EndProject
Global
	GlobalSection(SolutionConfigurationPlatforms) = preSolution
		Debug|Any CPU = Debug|Any CPU
		Debug|x64 = Debug|x64
		Debug|x86 = Debug|x86
		Release|Any CPU = Release|Any CPU
		Release|x64 = Release|x64
		Release|x86 = Release|x86
	EndGlobalSection
	GlobalSection(SolutionProperties) = preSolution
		HideSolutionNode = FALSE
	EndGlobalSection
	GlobalSection(ProjectConfigurationPlatforms) = postSolution
		{C2A7CB77-7D3C-48A4-AD43-F7DE6777E37D}.Debug|Any CPU.ActiveCfg = Debug|Any CPU
		{C2A7CB77-7D3C-48A4-AD43-F7DE6777E37D}.Debug|Any CPU.Build.0 = Debug|Any CPU
		{C2A7CB77-7D3C-48A4-AD43-F7DE6777E37D}.Debug|x64.ActiveCfg = Debug|Any CPU
		{C2A7CB77-7D3C-48A4-AD43-F7DE6777E37D}.Debug|x64.Build.0 = Debug|Any CPU
		{C2A7CB77-7D3C-48A4-AD43-F7DE6777E37D}.Debug|x86.ActiveCfg = Debug|Any CPU
		{C2A7CB77-7D3C-48A4-AD43-F7DE6777E37D}.Debug|x86.Build.0 = Debug|Any CPU
		{C2A7CB77-7D3C-48A4-AD43-F7DE6777E37D}.Release|Any CPU.ActiveCfg = Release|Any CPU
		{C2A7CB77-7D3C-48A4-AD43-F7DE6777E37D}.Release|Any CPU.Build.0 = Release|Any CPU
		{C2A7CB77-7D3C-48A4-AD43-F7DE6777E37D}.Release|x64.ActiveCfg = Release|Any CPU
		{C2A7CB77-7D3C-48A4-AD43-F7DE6777E37D}.Release|x64.Build.0 = Release|Any CPU
		{C2A7CB77-7D3C-48A4-AD43-F7DE6777E37D}.Release|x86.ActiveCfg = Release|Any CPU
		{C2A7CB77-7D3C-48A4-AD43-F7DE6777E37D}.Release|x86.Build.0 = Release|Any CPU
		{7F61ED32-ED1E-4299-8C22-FD0632088851}.Debug|Any CPU.ActiveCfg = Debug|Any CPU
		{7F61ED32-ED1E-4299-8C22-FD0632088851}.Debug|Any CPU.Build.0 = Debug|Any CPU
		{7F61ED32-ED1E-4299-8C22-FD0632088851}.Debug|x64.ActiveCfg = Debug|Any CPU
		{7F61ED32-ED1E-4299-8C22-FD0632088851}.Debug|x64.Build.0 = Debug|Any CPU
		{7F61ED32-ED1E-4299-8C22-FD0632088851}.Debug|x86.ActiveCfg = Debug|Any CPU
		{7F61ED32-ED1E-4299-8C22-FD0632088851}.Debug|x86.Build.0 = Debug|Any CPU
		{7F61ED32-ED1E-4299-8C22-FD0632088851}.Release|Any CPU.ActiveCfg = Release|Any CPU
		{7F61ED32-ED1E-4299-8C22-FD0632088851}.Release|Any CPU.Build.0 = Release|Any CPU
		{7F61ED32-ED1E-4299-8C22-FD0632088851}.Release|x64.ActiveCfg = Release|Any CPU
		{7F61ED32-ED1E-4299-8C22-FD0632088851}.Release|x64.Build.0 = Release|Any CPU
		{7F61ED32-ED1E-4299-8C22-FD0632088851}.Release|x86.ActiveCfg = Release|Any CPU
		{7F61ED32-ED1E-4299-8C22-FD0632088851}.Release|x86.Build.0 = Release|Any CPU
		{473274F0-589C-4496-80FE-8653A16F728D}.Debug|Any CPU.ActiveCfg = Debug|Any CPU
		{473274F0-589C-4496-80FE-8653A16F728D}.Debug|Any CPU.Build.0 = Debug|Any CPU
		{473274F0-589C-4496-80FE-8653A16F728D}.Debug|x64.ActiveCfg = Debug|Any CPU
		{473274F0-589C-4496-80FE-8653A16F728D}.Debug|x64.Build.0 = Debug|Any CPU
		{473274F0-589C-4496-80FE-8653A16F728D}.Debug|x86.ActiveCfg = Debug|Any CPU
		{473274F0-589C-4496-80FE-8653A16F728D}.Debug|x86.Build.0 = Debug|Any CPU
		{473274F0-589C-4496-80FE-8653A16F728D}.Release|Any CPU.ActiveCfg = Release|Any CPU
		{473274F0-589C-4496-80FE-8653A16F728D}.Release|Any CPU.Build.0 = Release|Any CPU
		{473274F0-589C-4496-80FE-8653A16F728D}.Release|x64.ActiveCfg = Release|Any CPU
		{473274F0-589C-4496-80FE-8653A16F728D}.Release|x64.Build.0 = Release|Any CPU
		{473274F0-589C-4496-80FE-8653A16F728D}.Release|x86.ActiveCfg = Release|Any CPU
		{473274F0-589C-4496-80FE-8653A16F728D}.Release|x86.Build.0 = Release|Any CPU
		{697A68EB-05FE-4DA9-9374-719A893C4FC8}.Debug|Any CPU.ActiveCfg = Debug|Any CPU
		{697A68EB-05FE-4DA9-9374-719A893C4FC8}.Debug|Any CPU.Build.0 = Debug|Any CPU
		{697A68EB-05FE-4DA9-9374-719A893C4FC8}.Debug|x64.ActiveCfg = Debug|Any CPU
		{697A68EB-05FE-4DA9-9374-719A893C4FC8}.Debug|x64.Build.0 = Debug|Any CPU
		{697A68EB-05FE-4DA9-9374-719A893C4FC8}.Debug|x86.ActiveCfg = Debug|Any CPU
		{697A68EB-05FE-4DA9-9374-719A893C4FC8}.Debug|x86.Build.0 = Debug|Any CPU
		{697A68EB-05FE-4DA9-9374-719A893C4FC8}.Release|Any CPU.ActiveCfg = Release|Any CPU
		{697A68EB-05FE-4DA9-9374-719A893C4FC8}.Release|Any CPU.Build.0 = Release|Any CPU
		{697A68EB-05FE-4DA9-9374-719A893C4FC8}.Release|x64.ActiveCfg = Release|Any CPU
		{697A68EB-05FE-4DA9-9374-719A893C4FC8}.Release|x64.Build.0 = Release|Any CPU
		{697A68EB-05FE-4DA9-9374-719A893C4FC8}.Release|x86.ActiveCfg = Release|Any CPU
		{697A68EB-05FE-4DA9-9374-719A893C4FC8}.Release|x86.Build.0 = Release|Any CPU
	EndGlobalSection
	GlobalSection(NestedProjects) = preSolution
		{697A68EB-05FE-4DA9-9374-719A893C4FC8} = {098D7056-D168-441A-9AAA-4ECCEE7FC020}
	EndGlobalSection
EndGlobal
